{
  "version": 4,
  "terraform_version": "1.3.6",
  "serial": 111,
  "lineage": "e98700cf-c753-e6fd-7373-6e5201782c5d",
  "outputs": {},
  "resources": [
    {
      "mode": "managed",
      "type": "local_file",
      "name": "instance_ips",
      "provider": "provider[\"registry.terraform.io/hashicorp/local\"]",
      "instances": [
        {
          "schema_version": 0,
          "attributes": {
            "content": "51.15.226.91\n163.172.166.0\n212.47.254.118\n51.158.108.144",
            "content_base64": null,
            "directory_permission": "0777",
            "file_permission": "0777",
            "filename": "instance_ips",
            "id": "a80233500345c254ff16fe529ed984260fde0359",
            "sensitive_content": null,
            "source": null
          },
          "sensitive_attributes": [],
          "private": "bnVsbA==",
          "dependencies": [
            "scaleway_instance_ip.public_ips",
            "scaleway_instance_security_group.sg-www",
            "scaleway_instance_server.emqx"
          ]
        }
      ]
    },
    {
      "mode": "managed",
      "type": "scaleway_instance_ip",
      "name": "public_ips",
      "provider": "provider[\"registry.terraform.io/scaleway/scaleway\"]",
      "instances": [
        {
          "index_key": 0,
          "schema_version": 0,
          "attributes": {
            "address": "51.15.226.91",
            "id": "fr-par-1/9f7d6612-130f-4ec2-878b-55e2834530b0",
            "organization_id": "01548252-c96f-4826-a6cb-d7d596f52e93",
            "project_id": "b73790d7-afbb-40b5-bed0-2f3c446da796",
            "reverse": "",
            "server_id": "fr-par-1/5c0903eb-d463-46d2-982f-67b4ec2ef6d3",
            "tags": null,
            "timeouts": null,
            "zone": "fr-par-1"
          },
          "sensitive_attributes": [],
          "private": "eyJlMmJmYjczMC1lY2FhLTExZTYtOGY4OC0zNDM2M2JjN2M0YzAiOnsiY3JlYXRlIjo2MDAwMDAwMDAwMCwiZGVmYXVsdCI6NjAwMDAwMDAwMDAsImRlbGV0ZSI6NjAwMDAwMDAwMDAsInJlYWQiOjYwMDAwMDAwMDAwLCJ1cGRhdGUiOjYwMDAwMDAwMDAwfX0="
        },
        {
          "index_key": 1,
          "schema_version": 0,
          "attributes": {
            "address": "163.172.166.0",
            "id": "fr-par-1/160af4e9-f6c6-4855-bda5-e574d46e5366",
            "organization_id": "01548252-c96f-4826-a6cb-d7d596f52e93",
            "project_id": "b73790d7-afbb-40b5-bed0-2f3c446da796",
            "reverse": "",
            "server_id": "fr-par-1/395eefa5-afee-4217-947a-cb33d3f0d506",
            "tags": null,
            "timeouts": null,
            "zone": "fr-par-1"
          },
          "sensitive_attributes": [],
          "private": "eyJlMmJmYjczMC1lY2FhLTExZTYtOGY4OC0zNDM2M2JjN2M0YzAiOnsiY3JlYXRlIjo2MDAwMDAwMDAwMCwiZGVmYXVsdCI6NjAwMDAwMDAwMDAsImRlbGV0ZSI6NjAwMDAwMDAwMDAsInJlYWQiOjYwMDAwMDAwMDAwLCJ1cGRhdGUiOjYwMDAwMDAwMDAwfX0="
        },
        {
          "index_key": 2,
          "schema_version": 0,
          "attributes": {
            "address": "212.47.254.118",
            "id": "fr-par-1/61223b99-649c-43f0-9435-f2373b1f3260",
            "organization_id": "01548252-c96f-4826-a6cb-d7d596f52e93",
            "project_id": "b73790d7-afbb-40b5-bed0-2f3c446da796",
            "reverse": "",
            "server_id": "fr-par-1/17cf9076-9f06-4ed9-9586-7b9dc3709572",
            "tags": null,
            "timeouts": null,
            "zone": "fr-par-1"
          },
          "sensitive_attributes": [],
          "private": "eyJlMmJmYjczMC1lY2FhLTExZTYtOGY4OC0zNDM2M2JjN2M0YzAiOnsiY3JlYXRlIjo2MDAwMDAwMDAwMCwiZGVmYXVsdCI6NjAwMDAwMDAwMDAsImRlbGV0ZSI6NjAwMDAwMDAwMDAsInJlYWQiOjYwMDAwMDAwMDAwLCJ1cGRhdGUiOjYwMDAwMDAwMDAwfX0="
        },
        {
          "index_key": 3,
          "schema_version": 0,
          "attributes": {
            "address": "51.158.108.144",
            "id": "fr-par-1/8fe1d441-144b-4081-ab1d-cc100341748e",
            "organization_id": "01548252-c96f-4826-a6cb-d7d596f52e93",
            "project_id": "b73790d7-afbb-40b5-bed0-2f3c446da796",
            "reverse": "",
            "server_id": "",
            "tags": null,
            "timeouts": null,
            "zone": "fr-par-1"
          },
          "sensitive_attributes": [],
          "private": "eyJlMmJmYjczMC1lY2FhLTExZTYtOGY4OC0zNDM2M2JjN2M0YzAiOnsiY3JlYXRlIjo2MDAwMDAwMDAwMCwiZGVmYXVsdCI6NjAwMDAwMDAwMDAsImRlbGV0ZSI6NjAwMDAwMDAwMDAsInJlYWQiOjYwMDAwMDAwMDAwLCJ1cGRhdGUiOjYwMDAwMDAwMDAwfX0="
        }
      ]
    },
    {
      "mode": "managed",
      "type": "scaleway_instance_security_group",
      "name": "sg-ssh",
      "provider": "provider[\"registry.terraform.io/scaleway/scaleway\"]",
      "instances": [
        {
          "schema_version": 0,
          "attributes": {
            "description": "",
            "enable_default_security": true,
            "external_rules": false,
            "id": "fr-par-1/a25eb4ae-ee30-4f9e-9fed-ce6971040927",
            "inbound_default_policy": "drop",
            "inbound_rule": [
              {
                "action": "accept",
                "ip": "",
                "ip_range": "0.0.0.0/0",
                "port": 22,
                "port_range": "",
                "protocol": "TCP"
              }
            ],
            "name": "daily-sg-ssh",
            "organization_id": "01548252-c96f-4826-a6cb-d7d596f52e93",
            "outbound_default_policy": "accept",
            "outbound_rule": [],
            "project_id": "b73790d7-afbb-40b5-bed0-2f3c446da796",
            "stateful": true,
            "tags": [],
            "timeouts": null,
            "zone": "fr-par-1"
          },
          "sensitive_attributes": [],
          "private": "eyJlMmJmYjczMC1lY2FhLTExZTYtOGY4OC0zNDM2M2JjN2M0YzAiOnsiY3JlYXRlIjo2MDAwMDAwMDAwMCwiZGVmYXVsdCI6NjAwMDAwMDAwMDAsImRlbGV0ZSI6NjAwMDAwMDAwMDAsInJlYWQiOjYwMDAwMDAwMDAwLCJ1cGRhdGUiOjYwMDAwMDAwMDAwfX0="
        }
      ]
    },
    {
      "mode": "managed",
      "type": "scaleway_instance_security_group",
      "name": "sg-www",
      "provider": "provider[\"registry.terraform.io/scaleway/scaleway\"]",
      "instances": [
        {
          "schema_version": 0,
          "attributes": {
            "description": "",
            "enable_default_security": true,
            "external_rules": false,
            "id": "fr-par-1/91257f4e-cd53-47ec-8a72-ee3ae0eca6d7",
            "inbound_default_policy": "drop",
            "inbound_rule": [
              {
                "action": "accept",
                "ip": "",
                "ip_range": "0.0.0.0/0",
                "port": 22,
                "port_range": "",
                "protocol": "TCP"
              },
              {
                "action": "accept",
                "ip": "",
                "ip_range": "",
                "port": 80,
                "port_range": "",
                "protocol": "TCP"
              },
              {
                "action": "accept",
                "ip": "",
                "ip_range": "",
                "port": 443,
                "port_range": "",
                "protocol": "TCP"
              }
            ],
            "name": "tf-sg-recursing-rubin",
            "organization_id": "01548252-c96f-4826-a6cb-d7d596f52e93",
            "outbound_default_policy": "accept",
            "outbound_rule": [],
            "project_id": "b73790d7-afbb-40b5-bed0-2f3c446da796",
            "stateful": true,
            "tags": [],
            "timeouts": null,
            "zone": "fr-par-1"
          },
          "sensitive_attributes": [],
          "private": "eyJlMmJmYjczMC1lY2FhLTExZTYtOGY4OC0zNDM2M2JjN2M0YzAiOnsiY3JlYXRlIjo2MDAwMDAwMDAwMCwiZGVmYXVsdCI6NjAwMDAwMDAwMDAsImRlbGV0ZSI6NjAwMDAwMDAwMDAsInJlYWQiOjYwMDAwMDAwMDAwLCJ1cGRhdGUiOjYwMDAwMDAwMDAwfX0="
        }
      ]
    },
    {
      "mode": "managed",
      "type": "scaleway_instance_server",
      "name": "emqx",
      "provider": "provider[\"registry.terraform.io/scaleway/scaleway\"]",
      "instances": [
        {
          "index_key": 0,
          "schema_version": 0,
          "attributes": {
            "additional_volume_ids": [],
            "boot_type": "local",
            "bootscript_id": "fdfe150f-a870-4ce4-b432-9f56b5b995c1",
            "cloud_init": null,
            "enable_dynamic_ip": false,
            "enable_ipv6": false,
            "id": "fr-par-1/5c0903eb-d463-46d2-982f-67b4ec2ef6d3",
            "image": "ubuntu_jammy",
            "ip_id": "fr-par-1/9f7d6612-130f-4ec2-878b-55e2834530b0",
            "ipv6_address": "",
            "ipv6_gateway": "",
            "ipv6_prefix_length": 0,
            "name": "daily-emqx0",
            "organization_id": "01548252-c96f-4826-a6cb-d7d596f52e93",
            "placement_group_id": null,
            "placement_group_policy_respected": null,
            "private_ip": "10.194.197.25",
            "private_network": [],
            "project_id": "b73790d7-afbb-40b5-bed0-2f3c446da796",
            "public_ip": "51.15.226.91",
            "root_volume": [
              {
                "boot": false,
                "delete_on_termination": true,
                "name": "Ubuntu 22.04 Jammy Jellyfish",
                "size_in_gb": 20,
                "volume_id": "fr-par-1/26075e1e-3901-4c23-996f-bcf75525bbcb",
                "volume_type": "b_ssd"
              }
            ],
            "security_group_id": "fr-par-1/91257f4e-cd53-47ec-8a72-ee3ae0eca6d7",
            "state": "started",
            "tags": [
              "mqtt"
            ],
            "timeouts": null,
            "type": "PRO2-XXS",
            "user_data": {
              "cloud-init": "#!/bin/bash\n\nsudo apt update\nsudo apt-get install build-essential \u003c\u003c EOF\ny\nEOF\n\nsudo apt install git\n\ngit clone https://github.com/Redart71/dailyBear.git\n\ncd dailybear\n\nbash docker-i.sh \u003c\u003c EOF\ny\nEOF\n\nbash emqx-i.sh\n\nexit\n",
              "name": "initscript"
            },
            "zone": "fr-par-1"
          },
          "sensitive_attributes": [],
          "private": "eyJlMmJmYjczMC1lY2FhLTExZTYtOGY4OC0zNDM2M2JjN2M0YzAiOnsiY3JlYXRlIjo2MDAwMDAwMDAwMDAsImRlZmF1bHQiOjYwMDAwMDAwMDAwMCwiZGVsZXRlIjo2MDAwMDAwMDAwMDAsInJlYWQiOjYwMDAwMDAwMDAwMCwidXBkYXRlIjo2MDAwMDAwMDAwMDB9fQ==",
          "dependencies": [
            "scaleway_instance_ip.public_ips",
            "scaleway_instance_security_group.sg-www"
          ]
        },
        {
          "index_key": 1,
          "schema_version": 0,
          "attributes": {
            "additional_volume_ids": [],
            "boot_type": "local",
            "bootscript_id": "fdfe150f-a870-4ce4-b432-9f56b5b995c1",
            "cloud_init": null,
            "enable_dynamic_ip": false,
            "enable_ipv6": false,
            "id": "fr-par-1/395eefa5-afee-4217-947a-cb33d3f0d506",
            "image": "ubuntu_jammy",
            "ip_id": "fr-par-1/160af4e9-f6c6-4855-bda5-e574d46e5366",
            "ipv6_address": "",
            "ipv6_gateway": "",
            "ipv6_prefix_length": 0,
            "name": "daily-emqx1",
            "organization_id": "01548252-c96f-4826-a6cb-d7d596f52e93",
            "placement_group_id": null,
            "placement_group_policy_respected": null,
            "private_ip": "10.76.187.11",
            "private_network": [],
            "project_id": "b73790d7-afbb-40b5-bed0-2f3c446da796",
            "public_ip": "163.172.166.0",
            "root_volume": [
              {
                "boot": false,
                "delete_on_termination": true,
                "name": "Ubuntu 22.04 Jammy Jellyfish",
                "size_in_gb": 20,
                "volume_id": "fr-par-1/1c02ef05-0df0-4f77-8272-e13e6d59542e",
                "volume_type": "b_ssd"
              }
            ],
            "security_group_id": "fr-par-1/91257f4e-cd53-47ec-8a72-ee3ae0eca6d7",
            "state": "started",
            "tags": [
              "mqtt"
            ],
            "timeouts": null,
            "type": "PRO2-XXS",
            "user_data": {
              "cloud-init": "#!/bin/bash\n\nsudo apt update\nsudo apt-get install build-essential \u003c\u003c EOF\ny\nEOF\n\nsudo apt install git\n\ngit clone https://github.com/Redart71/dailyBear.git\n\ncd dailybear\n\nbash docker-i.sh \u003c\u003c EOF\ny\nEOF\n\nbash emqx-i.sh\n\nexit\n",
              "name": "initscript"
            },
            "zone": "fr-par-1"
          },
          "sensitive_attributes": [],
          "private": "eyJlMmJmYjczMC1lY2FhLTExZTYtOGY4OC0zNDM2M2JjN2M0YzAiOnsiY3JlYXRlIjo2MDAwMDAwMDAwMDAsImRlZmF1bHQiOjYwMDAwMDAwMDAwMCwiZGVsZXRlIjo2MDAwMDAwMDAwMDAsInJlYWQiOjYwMDAwMDAwMDAwMCwidXBkYXRlIjo2MDAwMDAwMDAwMDB9fQ==",
          "dependencies": [
            "scaleway_instance_ip.public_ips",
            "scaleway_instance_security_group.sg-www"
          ]
        },
        {
          "index_key": 2,
          "schema_version": 0,
          "attributes": {
            "additional_volume_ids": [],
            "boot_type": "local",
            "bootscript_id": "fdfe150f-a870-4ce4-b432-9f56b5b995c1",
            "cloud_init": null,
            "enable_dynamic_ip": false,
            "enable_ipv6": false,
            "id": "fr-par-1/17cf9076-9f06-4ed9-9586-7b9dc3709572",
            "image": "ubuntu_jammy",
            "ip_id": "fr-par-1/61223b99-649c-43f0-9435-f2373b1f3260",
            "ipv6_address": "",
            "ipv6_gateway": "",
            "ipv6_prefix_length": 0,
            "name": "daily-emqx2",
            "organization_id": "01548252-c96f-4826-a6cb-d7d596f52e93",
            "placement_group_id": null,
            "placement_group_policy_respected": null,
            "private_ip": "10.76.174.3",
            "private_network": [],
            "project_id": "b73790d7-afbb-40b5-bed0-2f3c446da796",
            "public_ip": "212.47.254.118",
            "root_volume": [
              {
                "boot": false,
                "delete_on_termination": true,
                "name": "Ubuntu 22.04 Jammy Jellyfish",
                "size_in_gb": 20,
                "volume_id": "fr-par-1/527d4cc9-d948-409c-a18a-4628f49b82d9",
                "volume_type": "b_ssd"
              }
            ],
            "security_group_id": "fr-par-1/91257f4e-cd53-47ec-8a72-ee3ae0eca6d7",
            "state": "started",
            "tags": [
              "mqtt"
            ],
            "timeouts": null,
            "type": "PRO2-XXS",
            "user_data": {
              "cloud-init": "#!/bin/bash\n\nsudo apt update\nsudo apt-get install build-essential \u003c\u003c EOF\ny\nEOF\n\nsudo apt install git\n\ngit clone https://github.com/Redart71/dailyBear.git\n\ncd dailybear\n\nbash docker-i.sh \u003c\u003c EOF\ny\nEOF\n\nbash emqx-i.sh\n\nexit\n",
              "name": "initscript"
            },
            "zone": "fr-par-1"
          },
          "sensitive_attributes": [],
          "private": "eyJlMmJmYjczMC1lY2FhLTExZTYtOGY4OC0zNDM2M2JjN2M0YzAiOnsiY3JlYXRlIjo2MDAwMDAwMDAwMDAsImRlZmF1bHQiOjYwMDAwMDAwMDAwMCwiZGVsZXRlIjo2MDAwMDAwMDAwMDAsInJlYWQiOjYwMDAwMDAwMDAwMCwidXBkYXRlIjo2MDAwMDAwMDAwMDB9fQ==",
          "dependencies": [
            "scaleway_instance_ip.public_ips",
            "scaleway_instance_security_group.sg-www"
          ]
        },
        {
          "index_key": 3,
          "schema_version": 0,
          "attributes": {
            "additional_volume_ids": null,
            "boot_type": "local",
            "bootscript_id": "fdfe150f-a870-4ce4-b432-9f56b5b995c1",
            "cloud_init": null,
            "enable_dynamic_ip": false,
            "enable_ipv6": false,
            "id": "fr-par-1/befda364-19a8-492c-b46c-cc17679efebc",
            "image": "ubuntu_jammy",
            "ip_id": "fr-par-1/8fe1d441-144b-4081-ab1d-cc100341748e",
            "ipv6_address": "",
            "ipv6_gateway": "",
            "ipv6_prefix_length": 0,
            "name": "daily-emqx3",
            "organization_id": "01548252-c96f-4826-a6cb-d7d596f52e93",
            "placement_group_id": null,
            "placement_group_policy_respected": null,
            "private_ip": "10.76.176.23",
            "private_network": [],
            "project_id": "b73790d7-afbb-40b5-bed0-2f3c446da796",
            "public_ip": "51.158.108.144",
            "root_volume": [
              {
                "boot": false,
                "delete_on_termination": true,
                "name": "Ubuntu 22.04 Jammy Jellyfish",
                "size_in_gb": 20,
                "volume_id": "fr-par-1/3e85610a-216a-4f43-8571-e149242091a4",
                "volume_type": "b_ssd"
              }
            ],
            "security_group_id": "fr-par-1/91257f4e-cd53-47ec-8a72-ee3ae0eca6d7",
            "state": "started",
            "tags": [
              "mqtt"
            ],
            "timeouts": null,
            "type": "PRO2-XXS",
            "user_data": {
              "cloud-init": "#!/bin/bash\n\nsudo apt update\nsudo apt-get install build-essential \u003c\u003c EOF\ny\nEOF\n\nsudo apt install git\n\ngit clone https://github.com/Redart71/dailyBear.git\n\ncd dailybear\n\nbash docker-i.sh \u003c\u003c EOF\ny\nEOF\n\nbash emqx-i.sh\n\nexit\n",
              "name": "initscript"
            },
            "zone": "fr-par-1"
          },
          "sensitive_attributes": [],
          "private": "eyJlMmJmYjczMC1lY2FhLTExZTYtOGY4OC0zNDM2M2JjN2M0YzAiOnsiY3JlYXRlIjo2MDAwMDAwMDAwMDAsImRlZmF1bHQiOjYwMDAwMDAwMDAwMCwiZGVsZXRlIjo2MDAwMDAwMDAwMDAsInJlYWQiOjYwMDAwMDAwMDAwMCwidXBkYXRlIjo2MDAwMDAwMDAwMDB9fQ==",
          "dependencies": [
            "scaleway_instance_ip.public_ips",
            "scaleway_instance_security_group.sg-www"
          ]
        }
      ]
    }
  ],
  "check_results": null
}
