{
  "version": 4,
  "terraform_version": "1.3.6",
  "serial": 244,
  "lineage": "e98700cf-c753-e6fd-7373-6e5201782c5d",
  "outputs": {},
  "resources": [
    {
      "mode": "managed",
      "type": "local_file",
      "name": "instance_ips",
      "provider": "provider[\"registry.terraform.io/hashicorp/local\"]",
      "instances": [
        {
          "schema_version": 0,
          "attributes": {
            "content": "163.172.148.246\n212.47.235.216\n163.172.190.164",
            "content_base64": null,
            "directory_permission": "0777",
            "file_permission": "0777",
            "filename": "instance_ips",
            "id": "7e807854a558886f035517fca1d5c03a13042639",
            "sensitive_content": null,
            "source": null
          },
          "sensitive_attributes": [],
          "private": "bnVsbA==",
          "dependencies": [
            "scaleway_instance_ip.public_ips",
            "scaleway_instance_security_group.sg-www",
            "scaleway_instance_server.emqx"
          ]
        }
      ]
    },
    {
      "mode": "managed",
      "type": "scaleway_instance_ip",
      "name": "public_ips",
      "provider": "provider[\"registry.terraform.io/scaleway/scaleway\"]",
      "instances": [
        {
          "index_key": 0,
          "schema_version": 0,
          "attributes": {
            "address": "163.172.148.246",
            "id": "fr-par-1/18f55180-12a9-42ca-ba9e-d1e06bf087bf",
            "organization_id": "01548252-c96f-4826-a6cb-d7d596f52e93",
            "project_id": "b73790d7-afbb-40b5-bed0-2f3c446da796",
            "reverse": "",
            "server_id": "fr-par-1/a2e43311-b04e-48f2-a702-2824fdc66515",
            "tags": null,
            "timeouts": null,
            "zone": "fr-par-1"
          },
          "sensitive_attributes": [],
          "private": "eyJlMmJmYjczMC1lY2FhLTExZTYtOGY4OC0zNDM2M2JjN2M0YzAiOnsiY3JlYXRlIjo2MDAwMDAwMDAwMCwiZGVmYXVsdCI6NjAwMDAwMDAwMDAsImRlbGV0ZSI6NjAwMDAwMDAwMDAsInJlYWQiOjYwMDAwMDAwMDAwLCJ1cGRhdGUiOjYwMDAwMDAwMDAwfX0="
        },
        {
          "index_key": 1,
          "schema_version": 0,
          "attributes": {
            "address": "212.47.235.216",
            "id": "fr-par-1/413b028b-3f32-4309-9ec9-855417f3098c",
            "organization_id": "01548252-c96f-4826-a6cb-d7d596f52e93",
            "project_id": "b73790d7-afbb-40b5-bed0-2f3c446da796",
            "reverse": "",
            "server_id": "fr-par-1/e32b5554-e480-44ec-905e-f05f90d6f8cf",
            "tags": null,
            "timeouts": null,
            "zone": "fr-par-1"
          },
          "sensitive_attributes": [],
          "private": "eyJlMmJmYjczMC1lY2FhLTExZTYtOGY4OC0zNDM2M2JjN2M0YzAiOnsiY3JlYXRlIjo2MDAwMDAwMDAwMCwiZGVmYXVsdCI6NjAwMDAwMDAwMDAsImRlbGV0ZSI6NjAwMDAwMDAwMDAsInJlYWQiOjYwMDAwMDAwMDAwLCJ1cGRhdGUiOjYwMDAwMDAwMDAwfX0="
        },
        {
          "index_key": 2,
          "schema_version": 0,
          "attributes": {
            "address": "163.172.190.164",
            "id": "fr-par-1/3f103ab4-07cc-4cfe-afe8-3e7fd858d44c",
            "organization_id": "01548252-c96f-4826-a6cb-d7d596f52e93",
            "project_id": "b73790d7-afbb-40b5-bed0-2f3c446da796",
            "reverse": "",
            "server_id": "",
            "tags": null,
            "timeouts": null,
            "zone": "fr-par-1"
          },
          "sensitive_attributes": [],
          "private": "eyJlMmJmYjczMC1lY2FhLTExZTYtOGY4OC0zNDM2M2JjN2M0YzAiOnsiY3JlYXRlIjo2MDAwMDAwMDAwMCwiZGVmYXVsdCI6NjAwMDAwMDAwMDAsImRlbGV0ZSI6NjAwMDAwMDAwMDAsInJlYWQiOjYwMDAwMDAwMDAwLCJ1cGRhdGUiOjYwMDAwMDAwMDAwfX0="
        }
      ]
    },
    {
      "mode": "managed",
      "type": "scaleway_instance_security_group",
      "name": "sg-ssh",
      "provider": "provider[\"registry.terraform.io/scaleway/scaleway\"]",
      "instances": [
        {
          "schema_version": 0,
          "attributes": {
            "description": "",
            "enable_default_security": true,
            "external_rules": false,
            "id": "fr-par-1/a1447e02-cc47-4bfb-bf44-d5360dbea7a3",
            "inbound_default_policy": "drop",
            "inbound_rule": [
              {
                "action": "accept",
                "ip": "",
                "ip_range": "0.0.0.0/0",
                "port": 22,
                "port_range": "",
                "protocol": "TCP"
              }
            ],
            "name": "daily-sg-ssh",
            "organization_id": "01548252-c96f-4826-a6cb-d7d596f52e93",
            "outbound_default_policy": "accept",
            "outbound_rule": [],
            "project_id": "b73790d7-afbb-40b5-bed0-2f3c446da796",
            "stateful": true,
            "tags": [],
            "timeouts": null,
            "zone": "fr-par-1"
          },
          "sensitive_attributes": [],
          "private": "eyJlMmJmYjczMC1lY2FhLTExZTYtOGY4OC0zNDM2M2JjN2M0YzAiOnsiY3JlYXRlIjo2MDAwMDAwMDAwMCwiZGVmYXVsdCI6NjAwMDAwMDAwMDAsImRlbGV0ZSI6NjAwMDAwMDAwMDAsInJlYWQiOjYwMDAwMDAwMDAwLCJ1cGRhdGUiOjYwMDAwMDAwMDAwfX0="
        }
      ]
    },
    {
      "mode": "managed",
      "type": "scaleway_instance_security_group",
      "name": "sg-www",
      "provider": "provider[\"registry.terraform.io/scaleway/scaleway\"]",
      "instances": [
        {
          "schema_version": 0,
          "attributes": {
            "description": "",
            "enable_default_security": true,
            "external_rules": false,
            "id": "fr-par-1/f320c353-165f-4ab2-a4f7-014a57d7218b",
            "inbound_default_policy": "drop",
            "inbound_rule": [
              {
                "action": "accept",
                "ip": "",
                "ip_range": "0.0.0.0/0",
                "port": 22,
                "port_range": "",
                "protocol": "TCP"
              },
              {
                "action": "accept",
                "ip": "",
                "ip_range": "",
                "port": 80,
                "port_range": "",
                "protocol": "TCP"
              },
              {
                "action": "accept",
                "ip": "",
                "ip_range": "",
                "port": 18083,
                "port_range": "",
                "protocol": "TCP"
              }
            ],
            "name": "tf-sg-distracted-chaplygin",
            "organization_id": "01548252-c96f-4826-a6cb-d7d596f52e93",
            "outbound_default_policy": "accept",
            "outbound_rule": [],
            "project_id": "b73790d7-afbb-40b5-bed0-2f3c446da796",
            "stateful": true,
            "tags": [],
            "timeouts": null,
            "zone": "fr-par-1"
          },
          "sensitive_attributes": [],
          "private": "eyJlMmJmYjczMC1lY2FhLTExZTYtOGY4OC0zNDM2M2JjN2M0YzAiOnsiY3JlYXRlIjo2MDAwMDAwMDAwMCwiZGVmYXVsdCI6NjAwMDAwMDAwMDAsImRlbGV0ZSI6NjAwMDAwMDAwMDAsInJlYWQiOjYwMDAwMDAwMDAwLCJ1cGRhdGUiOjYwMDAwMDAwMDAwfX0="
        }
      ]
    },
    {
      "mode": "managed",
      "type": "scaleway_instance_server",
      "name": "emqx",
      "provider": "provider[\"registry.terraform.io/scaleway/scaleway\"]",
      "instances": [
        {
          "index_key": 0,
          "schema_version": 0,
          "attributes": {
            "additional_volume_ids": [],
            "boot_type": "local",
            "bootscript_id": "fdfe150f-a870-4ce4-b432-9f56b5b995c1",
            "cloud_init": null,
            "enable_dynamic_ip": false,
            "enable_ipv6": false,
            "id": "fr-par-1/a2e43311-b04e-48f2-a702-2824fdc66515",
            "image": "ubuntu_jammy",
            "ip_id": "fr-par-1/18f55180-12a9-42ca-ba9e-d1e06bf087bf",
            "ipv6_address": "",
            "ipv6_gateway": "",
            "ipv6_prefix_length": 0,
            "name": "daily-emqx0",
            "organization_id": "01548252-c96f-4826-a6cb-d7d596f52e93",
            "placement_group_id": null,
            "placement_group_policy_respected": null,
            "private_ip": "10.76.180.31",
            "private_network": [],
            "project_id": "b73790d7-afbb-40b5-bed0-2f3c446da796",
            "public_ip": "163.172.148.246",
            "root_volume": [
              {
                "boot": false,
                "delete_on_termination": true,
                "name": "Ubuntu 22.04 Jammy Jellyfish",
                "size_in_gb": 20,
                "volume_id": "fr-par-1/dd8b2958-423f-443a-a1e9-99344a05c0a2",
                "volume_type": "b_ssd"
              }
            ],
            "security_group_id": "fr-par-1/f320c353-165f-4ab2-a4f7-014a57d7218b",
            "state": "started",
            "tags": [
              "mqtt"
            ],
            "timeouts": null,
            "type": "PRO2-XXS",
            "user_data": {},
            "zone": "fr-par-1"
          },
          "sensitive_attributes": [],
          "private": "eyJlMmJmYjczMC1lY2FhLTExZTYtOGY4OC0zNDM2M2JjN2M0YzAiOnsiY3JlYXRlIjo2MDAwMDAwMDAwMDAsImRlZmF1bHQiOjYwMDAwMDAwMDAwMCwiZGVsZXRlIjo2MDAwMDAwMDAwMDAsInJlYWQiOjYwMDAwMDAwMDAwMCwidXBkYXRlIjo2MDAwMDAwMDAwMDB9fQ==",
          "dependencies": [
            "scaleway_instance_ip.public_ips",
            "scaleway_instance_security_group.sg-www"
          ]
        },
        {
          "index_key": 1,
          "schema_version": 0,
          "attributes": {
            "additional_volume_ids": [],
            "boot_type": "local",
            "bootscript_id": "fdfe150f-a870-4ce4-b432-9f56b5b995c1",
            "cloud_init": null,
            "enable_dynamic_ip": false,
            "enable_ipv6": false,
            "id": "fr-par-1/e32b5554-e480-44ec-905e-f05f90d6f8cf",
            "image": "ubuntu_jammy",
            "ip_id": "fr-par-1/413b028b-3f32-4309-9ec9-855417f3098c",
            "ipv6_address": "",
            "ipv6_gateway": "",
            "ipv6_prefix_length": 0,
            "name": "daily-emqx1",
            "organization_id": "01548252-c96f-4826-a6cb-d7d596f52e93",
            "placement_group_id": null,
            "placement_group_policy_respected": null,
            "private_ip": "10.76.173.47",
            "private_network": [],
            "project_id": "b73790d7-afbb-40b5-bed0-2f3c446da796",
            "public_ip": "212.47.235.216",
            "root_volume": [
              {
                "boot": false,
                "delete_on_termination": true,
                "name": "Ubuntu 22.04 Jammy Jellyfish",
                "size_in_gb": 20,
                "volume_id": "fr-par-1/8fe3d2b7-cc03-4f83-b8ab-51053d8c542d",
                "volume_type": "b_ssd"
              }
            ],
            "security_group_id": "fr-par-1/f320c353-165f-4ab2-a4f7-014a57d7218b",
            "state": "started",
            "tags": [
              "mqtt"
            ],
            "timeouts": null,
            "type": "PRO2-XXS",
            "user_data": {},
            "zone": "fr-par-1"
          },
          "sensitive_attributes": [],
          "private": "eyJlMmJmYjczMC1lY2FhLTExZTYtOGY4OC0zNDM2M2JjN2M0YzAiOnsiY3JlYXRlIjo2MDAwMDAwMDAwMDAsImRlZmF1bHQiOjYwMDAwMDAwMDAwMCwiZGVsZXRlIjo2MDAwMDAwMDAwMDAsInJlYWQiOjYwMDAwMDAwMDAwMCwidXBkYXRlIjo2MDAwMDAwMDAwMDB9fQ==",
          "dependencies": [
            "scaleway_instance_ip.public_ips",
            "scaleway_instance_security_group.sg-www"
          ]
        },
        {
          "index_key": 2,
          "schema_version": 0,
          "attributes": {
            "additional_volume_ids": null,
            "boot_type": "local",
            "bootscript_id": "fdfe150f-a870-4ce4-b432-9f56b5b995c1",
            "cloud_init": null,
            "enable_dynamic_ip": false,
            "enable_ipv6": false,
            "id": "fr-par-1/add83eb8-8fe0-4e62-a50c-3d15cfd2c094",
            "image": "ubuntu_jammy",
            "ip_id": "fr-par-1/3f103ab4-07cc-4cfe-afe8-3e7fd858d44c",
            "ipv6_address": "",
            "ipv6_gateway": "",
            "ipv6_prefix_length": 0,
            "name": "daily-emqx2",
            "organization_id": "01548252-c96f-4826-a6cb-d7d596f52e93",
            "placement_group_id": null,
            "placement_group_policy_respected": null,
            "private_ip": "10.194.191.73",
            "private_network": [],
            "project_id": "b73790d7-afbb-40b5-bed0-2f3c446da796",
            "public_ip": "163.172.190.164",
            "root_volume": [
              {
                "boot": false,
                "delete_on_termination": true,
                "name": "Ubuntu 22.04 Jammy Jellyfish",
                "size_in_gb": 20,
                "volume_id": "fr-par-1/e82bad4e-11b6-4c98-a994-e079e89ff3e7",
                "volume_type": "b_ssd"
              }
            ],
            "security_group_id": "fr-par-1/f320c353-165f-4ab2-a4f7-014a57d7218b",
            "state": "started",
            "tags": [
              "mqtt"
            ],
            "timeouts": null,
            "type": "PRO2-XXS",
            "user_data": {},
            "zone": "fr-par-1"
          },
          "sensitive_attributes": [],
          "private": "eyJlMmJmYjczMC1lY2FhLTExZTYtOGY4OC0zNDM2M2JjN2M0YzAiOnsiY3JlYXRlIjo2MDAwMDAwMDAwMDAsImRlZmF1bHQiOjYwMDAwMDAwMDAwMCwiZGVsZXRlIjo2MDAwMDAwMDAwMDAsInJlYWQiOjYwMDAwMDAwMDAwMCwidXBkYXRlIjo2MDAwMDAwMDAwMDB9fQ==",
          "dependencies": [
            "scaleway_instance_ip.public_ips",
            "scaleway_instance_security_group.sg-www"
          ]
        }
      ]
    }
  ],
  "check_results": null
}
